
Microsoft Visual Studio Solution File, Format Version 12.00
# Visual Studio Version 17
VisualStudioVersion = 17.9.34616.47
MinimumVisualStudioVersion = 10.0.40219.1
Project("{FAE04EC0-301F-11D3-BF4B-00C04F79EFBC}") = "8. Music portal", "8. Music portal\8. Music portal.csproj", "{78A3D064-8A57-4CA8-89A6-5AA375F349DD}"
EndProject
Global
	GlobalSection(SolutionConfigurationPlatforms) = preSolution
		Debug|Any CPU = Debug|Any CPU
		Release|Any CPU = Release|Any CPU
	EndGlobalSection
	GlobalSection(ProjectConfigurationPlatforms) = postSolution
		{78A3D064-8A57-4CA8-89A6-5AA375F349DD}.Debug|Any CPU.ActiveCfg = Debug|Any CPU
		{78A3D064-8A57-4CA8-89A6-5AA375F349DD}.Debug|Any CPU.Build.0 = Debug|Any CPU
		{78A3D064-8A57-4CA8-89A6-5AA375F349DD}.Release|Any CPU.ActiveCfg = Release|Any CPU
		{78A3D064-8A57-4CA8-89A6-5AA375F349DD}.Release|Any CPU.Build.0 = Release|Any CPU
	EndGlobalSection
	GlobalSection(SolutionProperties) = preSolution
		HideSolutionNode = FALSE
	EndGlobalSection
	GlobalSection(ExtensibilityGlobals) = postSolution
		SolutionGuid = {3F1071FB-7DE6-424D-8B86-5CE82B40109D}
	EndGlobalSection
EndGlobal
